
Microsoft Visual Studio Solution File, Format Version 12.00
# Visual Studio 15
VisualStudioVersion = 15.0.27703.2047
MinimumVisualStudioVersion = 10.0.40219.1
Project("{FAE04EC0-301F-11D3-BF4B-00C04F79EFBC}") = "Backend.File.Web.Api", "Backend.File.Web.Api\Backend.File.Web.Api.csproj", "{CA85458B-D057-41A0-80F2-694C2202DF0E}"
EndProject
Project("{FAE04EC0-301F-11D3-BF4B-00C04F79EFBC}") = "Microcomm.Core", "..\Microcomm.Core\Microcomm.Core\Microcomm.Core.csproj", "{D6C9ECC1-24CB-4B77-88B9-B706E63963B0}"
EndProject
Project("{FAE04EC0-301F-11D3-BF4B-00C04F79EFBC}") = "Microcomm.WebApi", "..\Microcomm.WebApi\Microcomm.WebApi\Microcomm.WebApi.csproj", "{ABB62492-7D53-4A5B-BCE1-7B40A01EC6DD}"
EndProject
Project("{FAE04EC0-301F-11D3-BF4B-00C04F79EFBC}") = "Backend.File.Service", "Backend.File.Service\Backend.File.Service.csproj", "{6D84F2ED-523D-4A90-BD7B-D0BE81431EF4}"
EndProject
Project("{FAE04EC0-301F-11D3-BF4B-00C04F79EFBC}") = "Backend.File.Core", "Backend.File.Core\Backend.File.Core.csproj", "{FEE92E8F-85D3-414A-96A6-11BF57AAA3ED}"
EndProject
Project("{FAE04EC0-301F-11D3-BF4B-00C04F79EFBC}") = "Backend.File.Test", "Backend.File.Test\Backend.File.Test.csproj", "{31B2420B-7893-4126-97A7-AEF8747F45BF}"
EndProject
Project("{FAE04EC0-301F-11D3-BF4B-00C04F79EFBC}") = "Backend.File.Test2", "Backend.File.Test2\Backend.File.Test2.csproj", "{7C4B4A11-A773-49D9-9EF3-E2D8FA8ED4A8}"
EndProject
Global
	GlobalSection(SolutionConfigurationPlatforms) = preSolution
		Debug|Any CPU = Debug|Any CPU
		Release|Any CPU = Release|Any CPU
	EndGlobalSection
	GlobalSection(ProjectConfigurationPlatforms) = postSolution
		{CA85458B-D057-41A0-80F2-694C2202DF0E}.Debug|Any CPU.ActiveCfg = Debug|Any CPU
		{CA85458B-D057-41A0-80F2-694C2202DF0E}.Debug|Any CPU.Build.0 = Debug|Any CPU
		{CA85458B-D057-41A0-80F2-694C2202DF0E}.Release|Any CPU.ActiveCfg = Release|Any CPU
		{CA85458B-D057-41A0-80F2-694C2202DF0E}.Release|Any CPU.Build.0 = Release|Any CPU
		{D6C9ECC1-24CB-4B77-88B9-B706E63963B0}.Debug|Any CPU.ActiveCfg = Debug|Any CPU
		{D6C9ECC1-24CB-4B77-88B9-B706E63963B0}.Debug|Any CPU.Build.0 = Debug|Any CPU
		{D6C9ECC1-24CB-4B77-88B9-B706E63963B0}.Release|Any CPU.ActiveCfg = Release|Any CPU
		{D6C9ECC1-24CB-4B77-88B9-B706E63963B0}.Release|Any CPU.Build.0 = Release|Any CPU
		{ABB62492-7D53-4A5B-BCE1-7B40A01EC6DD}.Debug|Any CPU.ActiveCfg = Debug|Any CPU
		{ABB62492-7D53-4A5B-BCE1-7B40A01EC6DD}.Debug|Any CPU.Build.0 = Debug|Any CPU
		{ABB62492-7D53-4A5B-BCE1-7B40A01EC6DD}.Release|Any CPU.ActiveCfg = Release|Any CPU
		{ABB62492-7D53-4A5B-BCE1-7B40A01EC6DD}.Release|Any CPU.Build.0 = Release|Any CPU
		{6D84F2ED-523D-4A90-BD7B-D0BE81431EF4}.Debug|Any CPU.ActiveCfg = Debug|Any CPU
		{6D84F2ED-523D-4A90-BD7B-D0BE81431EF4}.Debug|Any CPU.Build.0 = Debug|Any CPU
		{6D84F2ED-523D-4A90-BD7B-D0BE81431EF4}.Release|Any CPU.ActiveCfg = Release|Any CPU
		{6D84F2ED-523D-4A90-BD7B-D0BE81431EF4}.Release|Any CPU.Build.0 = Release|Any CPU
		{FEE92E8F-85D3-414A-96A6-11BF57AAA3ED}.Debug|Any CPU.ActiveCfg = Debug|Any CPU
		{FEE92E8F-85D3-414A-96A6-11BF57AAA3ED}.Debug|Any CPU.Build.0 = Debug|Any CPU
		{FEE92E8F-85D3-414A-96A6-11BF57AAA3ED}.Release|Any CPU.ActiveCfg = Release|Any CPU
		{FEE92E8F-85D3-414A-96A6-11BF57AAA3ED}.Release|Any CPU.Build.0 = Release|Any CPU
		{31B2420B-7893-4126-97A7-AEF8747F45BF}.Debug|Any CPU.ActiveCfg = Debug|Any CPU
		{31B2420B-7893-4126-97A7-AEF8747F45BF}.Debug|Any CPU.Build.0 = Debug|Any CPU
		{31B2420B-7893-4126-97A7-AEF8747F45BF}.Release|Any CPU.ActiveCfg = Release|Any CPU
		{31B2420B-7893-4126-97A7-AEF8747F45BF}.Release|Any CPU.Build.0 = Release|Any CPU
		{7C4B4A11-A773-49D9-9EF3-E2D8FA8ED4A8}.Debug|Any CPU.ActiveCfg = Debug|Any CPU
		{7C4B4A11-A773-49D9-9EF3-E2D8FA8ED4A8}.Debug|Any CPU.Build.0 = Debug|Any CPU
		{7C4B4A11-A773-49D9-9EF3-E2D8FA8ED4A8}.Release|Any CPU.ActiveCfg = Release|Any CPU
		{7C4B4A11-A773-49D9-9EF3-E2D8FA8ED4A8}.Release|Any CPU.Build.0 = Release|Any CPU
	EndGlobalSection
	GlobalSection(SolutionProperties) = preSolution
		HideSolutionNode = FALSE
	EndGlobalSection
	GlobalSection(ExtensibilityGlobals) = postSolution
		SolutionGuid = {1C1AE363-DAB4-4016-8F48-92303D6A7363}
	EndGlobalSection
EndGlobal
