
Microsoft Visual Studio Solution File, Format Version 12.00
# Visual Studio 15
VisualStudioVersion = 15.0.27703.2047
MinimumVisualStudioVersion = 10.0.40219.1
Project("{FAE04EC0-301F-11D3-BF4B-00C04F79EFBC}") = "Upload.Web.Api", "Upload.Web.Api\Upload.Web.Api.csproj", "{CA85458B-D057-41A0-80F2-694C2202DF0E}"
EndProject
Global
	GlobalSection(SolutionConfigurationPlatforms) = preSolution
		Debug|Any CPU = Debug|Any CPU
		Release|Any CPU = Release|Any CPU
	EndGlobalSection
	GlobalSection(ProjectConfigurationPlatforms) = postSolution
		{CA85458B-D057-41A0-80F2-694C2202DF0E}.Debug|Any CPU.ActiveCfg = Debug|Any CPU
		{CA85458B-D057-41A0-80F2-694C2202DF0E}.Debug|Any CPU.Build.0 = Debug|Any CPU
		{CA85458B-D057-41A0-80F2-694C2202DF0E}.Release|Any CPU.ActiveCfg = Release|Any CPU
		{CA85458B-D057-41A0-80F2-694C2202DF0E}.Release|Any CPU.Build.0 = Release|Any CPU
	EndGlobalSection
	GlobalSection(SolutionProperties) = preSolution
		HideSolutionNode = FALSE
	EndGlobalSection
	GlobalSection(ExtensibilityGlobals) = postSolution
		SolutionGuid = {1C1AE363-DAB4-4016-8F48-92303D6A7363}
	EndGlobalSection
EndGlobal
